<?xml version="1.0" encoding="UTF-8"?>
<CONFIG>
  <ProjectOptions>
    <Version Value="12"/>
    <General>
      <SessionStorage Value="InProjectDir"/>
      <Title Value="RadioShackCtl"/>
      <Scaled Value="True"/>
      <ResourceType Value="res"/>
      <UseXPManifest Value="True"/>
      <XPManifest>
        <DpiAware Value="True"/>
        <TextName Value=""/>
        <TextDesc Value=""/>
      </XPManifest>
      <Resources Count="2">
        <Resource_0 FileName="ball_blue_icon.bmp" Type="BITMAP" ResourceName="BALL_BLUE_ICON"/>
        <Resource_1 FileName="ball_green_icon.bmp" Type="BITMAP" ResourceName="BALL_GREEN_ICON"/>
      </Resources>
    </General>
    <VersionInfo>
      <UseVersionInfo Value="True"/>
      <AutoIncrementBuild Value="True"/>
      <RevisionNr Value="1"/>
      <BuildNr Value="3"/>
    </VersionInfo>
    <BuildModes>
      <Item Name="Default" Default="True"/>
    </BuildModes>
    <PublishOptions>
      <Version Value="2"/>
      <UseFileFilters Value="True"/>
    </PublishOptions>
    <RunParams>
      <FormatVersion Value="2"/>
    </RunParams>
    <RequiredPackages>
      <Item>
        <PackageName Value="SQLDBLaz"/>
      </Item>
      <Item>
        <PackageName Value="indylaz"/>
      </Item>
      <Item>
        <PackageName Value="TurboPowerIPro"/>
      </Item>
      <Item>
        <PackageName Value="LCL"/>
      </Item>
    </RequiredPackages>
    <Units>
      <Unit>
        <Filename Value="rshackctr.lpr"/>
        <IsPartOfProject Value="True"/>
        <UnitName Value="RadioShackCtl"/>
      </Unit>
      <Unit>
        <Filename Value="lazsynaser.pas"/>
        <IsPartOfProject Value="True"/>
        <UnitName Value="LazSynaSer"/>
      </Unit>
      <Unit>
        <Filename Value="lazsynafpc.pas"/>
        <IsPartOfProject Value="True"/>
        <UnitName Value="LazSynaFpc"/>
      </Unit>
      <Unit>
        <Filename Value="lazsynautil.pas"/>
        <IsPartOfProject Value="True"/>
        <UnitName Value="LazSynaUtil"/>
      </Unit>
      <Unit>
        <Filename Value="unitsettings.pas"/>
        <IsPartOfProject Value="True"/>
        <UnitName Value="UnitSettings"/>
      </Unit>
      <Unit>
        <Filename Value="unitformrig.pas"/>
        <IsPartOfProject Value="True"/>
        <ComponentName Value="FormRig"/>
        <HasResources Value="True"/>
        <ResourceBaseClass Value="Form"/>
        <UnitName Value="UnitFormRig"/>
      </Unit>
      <Unit>
        <Filename Value="unitspert.pas"/>
        <IsPartOfProject Value="True"/>
        <UnitName Value="UnitSpert"/>
      </Unit>
      <Unit>
        <Filename Value="unitforminit.pas"/>
        <IsPartOfProject Value="True"/>
        <ComponentName Value="FormInit"/>
        <HasResources Value="True"/>
        <ResourceBaseClass Value="Form"/>
        <UnitName Value="UnitFormInit"/>
      </Unit>
      <Unit>
        <Filename Value="unitflrigserver.pas"/>
        <IsPartOfProject Value="True"/>
        <UnitName Value="UnitFlrigServer"/>
      </Unit>
      <Unit>
        <Filename Value="unitformsettings.pas"/>
        <IsPartOfProject Value="True"/>
        <ComponentName Value="FormSettings"/>
        <HasResources Value="True"/>
        <ResourceBaseClass Value="Form"/>
        <UnitName Value="UnitFormSettings"/>
      </Unit>
      <Unit>
        <Filename Value="unitformdebug.pas"/>
        <IsPartOfProject Value="True"/>
        <ComponentName Value="FormDebug"/>
        <HasResources Value="True"/>
        <ResourceBaseClass Value="Form"/>
        <UnitName Value="UnitFormDebug"/>
      </Unit>
      <Unit>
        <Filename Value="unitformspert.pas"/>
        <IsPartOfProject Value="True"/>
        <ComponentName Value="FormSpert"/>
        <HasResources Value="True"/>
        <ResourceBaseClass Value="Form"/>
        <UnitName Value="UnitFormSpert"/>
      </Unit>
      <Unit>
        <Filename Value="unitrigftdx10.pas"/>
        <IsPartOfProject Value="True"/>
        <UnitName Value="UnitRigFTdx10"/>
      </Unit>
      <Unit>
        <Filename Value="unitevents.pas"/>
        <IsPartOfProject Value="True"/>
        <UnitName Value="UnitEvents"/>
      </Unit>
      <Unit>
        <Filename Value="unitrig.pas"/>
        <IsPartOfProject Value="True"/>
        <UnitName Value="UnitRig"/>
      </Unit>
      <Unit>
        <Filename Value="unitserialportautodiscover.pas"/>
        <IsPartOfProject Value="True"/>
        <UnitName Value="UnitSerialPortAutoDiscover"/>
      </Unit>
      <Unit>
        <Filename Value="unitlog.pas"/>
        <IsPartOfProject Value="True"/>
        <UnitName Value="UNitLog"/>
      </Unit>
      <Unit>
        <Filename Value="unitspertdatabase.pas"/>
        <IsPartOfProject Value="True"/>
        <UnitName Value="UnitSpertDatabase"/>
      </Unit>
      <Unit>
        <Filename Value="uniteventsinterface.pas"/>
        <IsPartOfProject Value="True"/>
        <UnitName Value="UnitEventsInterface"/>
      </Unit>
      <Unit>
        <Filename Value="unitrigft991.pas"/>
        <IsPartOfProject Value="True"/>
        <UnitName Value="UnitRigFT991"/>
      </Unit>
      <Unit>
        <Filename Value="unitrigdummy.pas"/>
        <IsPartOfProject Value="True"/>
        <UnitName Value="UnitRigDummy"/>
      </Unit>
    </Units>
  </ProjectOptions>
  <CompilerOptions>
    <Version Value="11"/>
    <Target>
      <Filename Value="binaries/$(TargetOS)_$(TargetCPU)/RadioShackCtl"/>
    </Target>
    <SearchPaths>
      <IncludeFiles Value="$(ProjOutDir)"/>
      <UnitOutputDirectory Value="lib/$(TargetCPU)-$(TargetOS)"/>
    </SearchPaths>
    <Linking>
      <Debugging>
        <DebugInfoType Value="dsDwarf3"/>
      </Debugging>
      <Options>
        <Win32>
          <GraphicApplication Value="True"/>
        </Win32>
      </Options>
    </Linking>
  </CompilerOptions>
  <Debugging>
    <Exceptions>
      <Item>
        <Name Value="EAbort"/>
      </Item>
      <Item>
        <Name Value="ECodetoolError"/>
      </Item>
      <Item>
        <Name Value="EFOpenError"/>
      </Item>
      <Item>
        <Name Value="EIdConnClosedGracefully"/>
      </Item>
    </Exceptions>
  </Debugging>
</CONFIG>
